
Microsoft Visual Studio Solution File, Format Version 12.00
# Visual Studio Version 17
VisualStudioVersion = 17.9.34902.65
MinimumVisualStudioVersion = 10.0.40219.1
Project("{9A19103F-16F7-4668-BE54-9A1E7A4F7556}") = "AccountProvider", "AccountProvider\AccountProvider.csproj", "{C0F2618F-8641-482D-A3E1-DDA95DA1E8B7}"
EndProject
Project("{9A19103F-16F7-4668-BE54-9A1E7A4F7556}") = "Data", "Data\Data.csproj", "{105B844A-37F1-4EDE-8E26-57DC844D9AEA}"
EndProject
Global
	GlobalSection(SolutionConfigurationPlatforms) = preSolution
		Debug|Any CPU = Debug|Any CPU
		Release|Any CPU = Release|Any CPU
	EndGlobalSection
	GlobalSection(ProjectConfigurationPlatforms) = postSolution
		{C0F2618F-8641-482D-A3E1-DDA95DA1E8B7}.Debug|Any CPU.ActiveCfg = Debug|Any CPU
		{C0F2618F-8641-482D-A3E1-DDA95DA1E8B7}.Debug|Any CPU.Build.0 = Debug|Any CPU
		{C0F2618F-8641-482D-A3E1-DDA95DA1E8B7}.Release|Any CPU.ActiveCfg = Release|Any CPU
		{C0F2618F-8641-482D-A3E1-DDA95DA1E8B7}.Release|Any CPU.Build.0 = Release|Any CPU
		{105B844A-37F1-4EDE-8E26-57DC844D9AEA}.Debug|Any CPU.ActiveCfg = Debug|Any CPU
		{105B844A-37F1-4EDE-8E26-57DC844D9AEA}.Debug|Any CPU.Build.0 = Debug|Any CPU
		{105B844A-37F1-4EDE-8E26-57DC844D9AEA}.Release|Any CPU.ActiveCfg = Release|Any CPU
		{105B844A-37F1-4EDE-8E26-57DC844D9AEA}.Release|Any CPU.Build.0 = Release|Any CPU
	EndGlobalSection
	GlobalSection(SolutionProperties) = preSolution
		HideSolutionNode = FALSE
	EndGlobalSection
	GlobalSection(ExtensibilityGlobals) = postSolution
		SolutionGuid = {0BC78606-A63A-4DB5-B423-9FF43B7DBDF9}
	EndGlobalSection
EndGlobal
